
Microsoft Visual Studio Solution File, Format Version 12.00
# Visual Studio Version 17
VisualStudioVersion = 17.11.35017.193
MinimumVisualStudioVersion = 10.0.40219.1
Project("{FAE04EC0-301F-11D3-BF4B-00C04F79EFBC}") = "Pascal-Ücgeni", "Pascal-Ücgeni.csproj", "{66CD5DB8-7FBF-4FB2-B314-520F563F29AE}"
EndProject
Global
	GlobalSection(SolutionConfigurationPlatforms) = preSolution
		Debug|Any CPU = Debug|Any CPU
		Release|Any CPU = Release|Any CPU
	EndGlobalSection
	GlobalSection(ProjectConfigurationPlatforms) = postSolution
		{66CD5DB8-7FBF-4FB2-B314-520F563F29AE}.Debug|Any CPU.ActiveCfg = Debug|Any CPU
		{66CD5DB8-7FBF-4FB2-B314-520F563F29AE}.Debug|Any CPU.Build.0 = Debug|Any CPU
		{66CD5DB8-7FBF-4FB2-B314-520F563F29AE}.Release|Any CPU.ActiveCfg = Release|Any CPU
		{66CD5DB8-7FBF-4FB2-B314-520F563F29AE}.Release|Any CPU.Build.0 = Release|Any CPU
	EndGlobalSection
	GlobalSection(SolutionProperties) = preSolution
		HideSolutionNode = FALSE
	EndGlobalSection
	GlobalSection(ExtensibilityGlobals) = postSolution
		SolutionGuid = {B6F17D17-EF3D-4D6F-8780-67F0D77A83D6}
	EndGlobalSection
EndGlobal
